
Microsoft Visual Studio Solution File, Format Version 12.00
# Visual Studio 15
VisualStudioVersion = 15.0.28307.902
MinimumVisualStudioVersion = 10.0.40219.1
Project("{FAE04EC0-301F-11D3-BF4B-00C04F79EFBC}") = "ThisModAddsEvents", "ThisModAddsEvents.csproj", "{DEA62766-64D7-417A-91F0-4391838E88DF}"
EndProject
Global
	GlobalSection(SolutionConfigurationPlatforms) = preSolution
		Debug|Any CPU = Debug|Any CPU
		Release|Any CPU = Release|Any CPU
	EndGlobalSection
	GlobalSection(ProjectConfigurationPlatforms) = postSolution
		{DEA62766-64D7-417A-91F0-4391838E88DF}.Debug|Any CPU.ActiveCfg = Debug|Any CPU
		{DEA62766-64D7-417A-91F0-4391838E88DF}.Debug|Any CPU.Build.0 = Debug|Any CPU
		{DEA62766-64D7-417A-91F0-4391838E88DF}.Release|Any CPU.ActiveCfg = Release|Any CPU
		{DEA62766-64D7-417A-91F0-4391838E88DF}.Release|Any CPU.Build.0 = Release|Any CPU
	EndGlobalSection
	GlobalSection(SolutionProperties) = preSolution
		HideSolutionNode = FALSE
	EndGlobalSection
	GlobalSection(ExtensibilityGlobals) = postSolution
		SolutionGuid = {DC5A66DA-BAC4-4D8C-85F9-00A25372CB09}
	EndGlobalSection
EndGlobal
